
Microsoft Visual Studio Solution File, Format Version 12.00
# Visual Studio Version 17
VisualStudioVersion = 17.7.34024.191
MinimumVisualStudioVersion = 10.0.40219.1
Project("{FAE04EC0-301F-11D3-BF4B-00C04F79EFBC}") = "WinFormsApp1", "WinFormsApp1\WinFormsApp1.csproj", "{52B9187F-43F5-4EC5-90AC-358FFAFCC2DE}"
EndProject
Global
	GlobalSection(SolutionConfigurationPlatforms) = preSolution
		Debug|Any CPU = Debug|Any CPU
		Release|Any CPU = Release|Any CPU
	EndGlobalSection
	GlobalSection(ProjectConfigurationPlatforms) = postSolution
		{52B9187F-43F5-4EC5-90AC-358FFAFCC2DE}.Debug|Any CPU.ActiveCfg = Debug|Any CPU
		{52B9187F-43F5-4EC5-90AC-358FFAFCC2DE}.Debug|Any CPU.Build.0 = Debug|Any CPU
		{52B9187F-43F5-4EC5-90AC-358FFAFCC2DE}.Release|Any CPU.ActiveCfg = Release|Any CPU
		{52B9187F-43F5-4EC5-90AC-358FFAFCC2DE}.Release|Any CPU.Build.0 = Release|Any CPU
	EndGlobalSection
	GlobalSection(SolutionProperties) = preSolution
		HideSolutionNode = FALSE
	EndGlobalSection
	GlobalSection(ExtensibilityGlobals) = postSolution
		SolutionGuid = {F4655003-2788-4736-898C-24FA9F9F5C8B}
	EndGlobalSection
EndGlobal
